
Microsoft Visual Studio Solution File, Format Version 12.00
# Visual Studio Version 17
VisualStudioVersion = 17.0.32112.339
MinimumVisualStudioVersion = 10.0.40219.1
Project("{FAE04EC0-301F-11D3-BF4B-00C04F79EFBC}") = "AdoRealTime", "AdoRealTime\AdoRealTime.csproj", "{2B6FA516-C7B2-4CB6-B010-57B801F27EF5}"
EndProject
Global
	GlobalSection(SolutionConfigurationPlatforms) = preSolution
		Debug|Any CPU = Debug|Any CPU
		Release|Any CPU = Release|Any CPU
	EndGlobalSection
	GlobalSection(ProjectConfigurationPlatforms) = postSolution
		{2B6FA516-C7B2-4CB6-B010-57B801F27EF5}.Debug|Any CPU.ActiveCfg = Debug|Any CPU
		{2B6FA516-C7B2-4CB6-B010-57B801F27EF5}.Debug|Any CPU.Build.0 = Debug|Any CPU
		{2B6FA516-C7B2-4CB6-B010-57B801F27EF5}.Release|Any CPU.ActiveCfg = Release|Any CPU
		{2B6FA516-C7B2-4CB6-B010-57B801F27EF5}.Release|Any CPU.Build.0 = Release|Any CPU
	EndGlobalSection
	GlobalSection(SolutionProperties) = preSolution
		HideSolutionNode = FALSE
	EndGlobalSection
	GlobalSection(ExtensibilityGlobals) = postSolution
		SolutionGuid = {B995DACF-E13A-4295-A965-888CF45FC326}
	EndGlobalSection
EndGlobal
