
Microsoft Visual Studio Solution File, Format Version 12.00
# Visual Studio Version 17
VisualStudioVersion = 17.0.32112.339
MinimumVisualStudioVersion = 10.0.40219.1
Project("{FAE04EC0-301F-11D3-BF4B-00C04F79EFBC}") = "FileCopyExample", "FileCopyExample\FileCopyExample.csproj", "{15452545-9E6B-4579-BE2C-46C7F9809F5A}"
EndProject
Global
	GlobalSection(SolutionConfigurationPlatforms) = preSolution
		Debug|Any CPU = Debug|Any CPU
		Release|Any CPU = Release|Any CPU
	EndGlobalSection
	GlobalSection(ProjectConfigurationPlatforms) = postSolution
		{15452545-9E6B-4579-BE2C-46C7F9809F5A}.Debug|Any CPU.ActiveCfg = Debug|Any CPU
		{15452545-9E6B-4579-BE2C-46C7F9809F5A}.Debug|Any CPU.Build.0 = Debug|Any CPU
		{15452545-9E6B-4579-BE2C-46C7F9809F5A}.Release|Any CPU.ActiveCfg = Release|Any CPU
		{15452545-9E6B-4579-BE2C-46C7F9809F5A}.Release|Any CPU.Build.0 = Release|Any CPU
	EndGlobalSection
	GlobalSection(SolutionProperties) = preSolution
		HideSolutionNode = FALSE
	EndGlobalSection
	GlobalSection(ExtensibilityGlobals) = postSolution
		SolutionGuid = {7768C6AF-083A-48F4-B4AF-4CF2395AF56D}
	EndGlobalSection
EndGlobal
