
Microsoft Visual Studio Solution File, Format Version 12.00
# Visual Studio Version 17
VisualStudioVersion = 17.0.32112.339
MinimumVisualStudioVersion = 10.0.40219.1
Project("{FAE04EC0-301F-11D3-BF4B-00C04F79EFBC}") = "StExample", "StExample\StExample.csproj", "{3114A8A8-1F13-4FE6-827D-E5E2AE268503}"
EndProject
Global
	GlobalSection(SolutionConfigurationPlatforms) = preSolution
		Debug|Any CPU = Debug|Any CPU
		Release|Any CPU = Release|Any CPU
	EndGlobalSection
	GlobalSection(ProjectConfigurationPlatforms) = postSolution
		{3114A8A8-1F13-4FE6-827D-E5E2AE268503}.Debug|Any CPU.ActiveCfg = Debug|Any CPU
		{3114A8A8-1F13-4FE6-827D-E5E2AE268503}.Debug|Any CPU.Build.0 = Debug|Any CPU
		{3114A8A8-1F13-4FE6-827D-E5E2AE268503}.Release|Any CPU.ActiveCfg = Release|Any CPU
		{3114A8A8-1F13-4FE6-827D-E5E2AE268503}.Release|Any CPU.Build.0 = Release|Any CPU
	EndGlobalSection
	GlobalSection(SolutionProperties) = preSolution
		HideSolutionNode = FALSE
	EndGlobalSection
	GlobalSection(ExtensibilityGlobals) = postSolution
		SolutionGuid = {2D81377E-5667-4AF8-A20A-D3AB742B0FCE}
	EndGlobalSection
EndGlobal
