
Microsoft Visual Studio Solution File, Format Version 12.00
# Visual Studio Version 17
VisualStudioVersion = 17.1.32228.430
MinimumVisualStudioVersion = 10.0.40219.1
Project("{FAE04EC0-301F-11D3-BF4B-00C04F79EFBC}") = "EmpSpExample", "EmpSpExample\EmpSpExample.csproj", "{C7C107EE-0052-46D6-9261-F9D5BE265688}"
EndProject
Global
	GlobalSection(SolutionConfigurationPlatforms) = preSolution
		Debug|Any CPU = Debug|Any CPU
		Release|Any CPU = Release|Any CPU
	EndGlobalSection
	GlobalSection(ProjectConfigurationPlatforms) = postSolution
		{C7C107EE-0052-46D6-9261-F9D5BE265688}.Debug|Any CPU.ActiveCfg = Debug|Any CPU
		{C7C107EE-0052-46D6-9261-F9D5BE265688}.Debug|Any CPU.Build.0 = Debug|Any CPU
		{C7C107EE-0052-46D6-9261-F9D5BE265688}.Release|Any CPU.ActiveCfg = Release|Any CPU
		{C7C107EE-0052-46D6-9261-F9D5BE265688}.Release|Any CPU.Build.0 = Release|Any CPU
	EndGlobalSection
	GlobalSection(SolutionProperties) = preSolution
		HideSolutionNode = FALSE
	EndGlobalSection
	GlobalSection(ExtensibilityGlobals) = postSolution
		SolutionGuid = {3C0EAE4E-8283-481C-9A08-BE7E5E91E897}
	EndGlobalSection
EndGlobal
