
Microsoft Visual Studio Solution File, Format Version 12.00
# Visual Studio Version 17
VisualStudioVersion = 17.1.32228.430
MinimumVisualStudioVersion = 10.0.40219.1
Project("{FAE04EC0-301F-11D3-BF4B-00C04F79EFBC}") = "clsReflection", "clsReflection\clsReflection.csproj", "{87E3D721-C396-47DF-B97E-D9AD5FBE44B8}"
EndProject
Project("{FAE04EC0-301F-11D3-BF4B-00C04F79EFBC}") = "ReflectionExample1", "..\ReflectionExample1\ReflectionExample1.csproj", "{014FAFD8-C7ED-4D0F-8579-F68439A1E51F}"
EndProject
Global
	GlobalSection(SolutionConfigurationPlatforms) = preSolution
		Debug|Any CPU = Debug|Any CPU
		Release|Any CPU = Release|Any CPU
	EndGlobalSection
	GlobalSection(ProjectConfigurationPlatforms) = postSolution
		{87E3D721-C396-47DF-B97E-D9AD5FBE44B8}.Debug|Any CPU.ActiveCfg = Debug|Any CPU
		{87E3D721-C396-47DF-B97E-D9AD5FBE44B8}.Debug|Any CPU.Build.0 = Debug|Any CPU
		{87E3D721-C396-47DF-B97E-D9AD5FBE44B8}.Release|Any CPU.ActiveCfg = Release|Any CPU
		{87E3D721-C396-47DF-B97E-D9AD5FBE44B8}.Release|Any CPU.Build.0 = Release|Any CPU
		{014FAFD8-C7ED-4D0F-8579-F68439A1E51F}.Debug|Any CPU.ActiveCfg = Debug|Any CPU
		{014FAFD8-C7ED-4D0F-8579-F68439A1E51F}.Debug|Any CPU.Build.0 = Debug|Any CPU
		{014FAFD8-C7ED-4D0F-8579-F68439A1E51F}.Release|Any CPU.ActiveCfg = Release|Any CPU
		{014FAFD8-C7ED-4D0F-8579-F68439A1E51F}.Release|Any CPU.Build.0 = Release|Any CPU
	EndGlobalSection
	GlobalSection(SolutionProperties) = preSolution
		HideSolutionNode = FALSE
	EndGlobalSection
	GlobalSection(ExtensibilityGlobals) = postSolution
		SolutionGuid = {34303207-1A44-471B-B095-F0221628A135}
	EndGlobalSection
EndGlobal
