
Microsoft Visual Studio Solution File, Format Version 12.00
# Visual Studio Version 17
VisualStudioVersion = 17.0.32112.339
MinimumVisualStudioVersion = 10.0.40219.1
Project("{FAE04EC0-301F-11D3-BF4B-00C04F79EFBC}") = "InterfaceExample", "InterfaceExample\InterfaceExample.csproj", "{02033173-D4CF-4CF5-B540-0F5FCA68EE0A}"
EndProject
Global
	GlobalSection(SolutionConfigurationPlatforms) = preSolution
		Debug|Any CPU = Debug|Any CPU
		Release|Any CPU = Release|Any CPU
	EndGlobalSection
	GlobalSection(ProjectConfigurationPlatforms) = postSolution
		{02033173-D4CF-4CF5-B540-0F5FCA68EE0A}.Debug|Any CPU.ActiveCfg = Debug|Any CPU
		{02033173-D4CF-4CF5-B540-0F5FCA68EE0A}.Debug|Any CPU.Build.0 = Debug|Any CPU
		{02033173-D4CF-4CF5-B540-0F5FCA68EE0A}.Release|Any CPU.ActiveCfg = Release|Any CPU
		{02033173-D4CF-4CF5-B540-0F5FCA68EE0A}.Release|Any CPU.Build.0 = Release|Any CPU
	EndGlobalSection
	GlobalSection(SolutionProperties) = preSolution
		HideSolutionNode = FALSE
	EndGlobalSection
	GlobalSection(ExtensibilityGlobals) = postSolution
		SolutionGuid = {2AACA42F-2345-463E-AACF-ECD2A167E8D0}
	EndGlobalSection
EndGlobal
