
Microsoft Visual Studio Solution File, Format Version 12.00
# Visual Studio Version 17
VisualStudioVersion = 17.0.32112.339
MinimumVisualStudioVersion = 10.0.40219.1
Project("{FAE04EC0-301F-11D3-BF4B-00C04F79EFBC}") = "BaseConEx", "BaseConEx\BaseConEx.csproj", "{D5AB61D1-570F-457F-A7BD-233B8558E860}"
EndProject
Global
	GlobalSection(SolutionConfigurationPlatforms) = preSolution
		Debug|Any CPU = Debug|Any CPU
		Release|Any CPU = Release|Any CPU
	EndGlobalSection
	GlobalSection(ProjectConfigurationPlatforms) = postSolution
		{D5AB61D1-570F-457F-A7BD-233B8558E860}.Debug|Any CPU.ActiveCfg = Debug|Any CPU
		{D5AB61D1-570F-457F-A7BD-233B8558E860}.Debug|Any CPU.Build.0 = Debug|Any CPU
		{D5AB61D1-570F-457F-A7BD-233B8558E860}.Release|Any CPU.ActiveCfg = Release|Any CPU
		{D5AB61D1-570F-457F-A7BD-233B8558E860}.Release|Any CPU.Build.0 = Release|Any CPU
	EndGlobalSection
	GlobalSection(SolutionProperties) = preSolution
		HideSolutionNode = FALSE
	EndGlobalSection
	GlobalSection(ExtensibilityGlobals) = postSolution
		SolutionGuid = {2F54113E-6B14-4978-80D1-D54D7665475A}
	EndGlobalSection
EndGlobal
