
Microsoft Visual Studio Solution File, Format Version 12.00
# Visual Studio Version 17
VisualStudioVersion = 17.0.32112.339
MinimumVisualStudioVersion = 10.0.40219.1
Project("{FAE04EC0-301F-11D3-BF4B-00C04F79EFBC}") = "Employ.Entities", "Employ.Entities\Employ.Entities.csproj", "{164138DB-B1A6-4D30-BA28-48CC0BC732BF}"
EndProject
Project("{FAE04EC0-301F-11D3-BF4B-00C04F79EFBC}") = "Employ.Exceptions", "..\Employ.Exceptions\Employ.Exceptions.csproj", "{C5F45471-2EA3-4F99-90BC-E24CBA306BD5}"
EndProject
Project("{FAE04EC0-301F-11D3-BF4B-00C04F79EFBC}") = "Employ.DataLayer", "..\Employ.DataLayer\Employ.DataLayer.csproj", "{0E8EC183-57CD-41CA-AD37-1660E41A9E71}"
EndProject
Project("{FAE04EC0-301F-11D3-BF4B-00C04F79EFBC}") = "Employ.BusinessLayer", "..\Employ.BusinessLayer\Employ.BusinessLayer.csproj", "{2F678DF7-73D1-47D6-8358-7DF52F2848C9}"
EndProject
Project("{FAE04EC0-301F-11D3-BF4B-00C04F79EFBC}") = "Employ.Main", "..\Employ.Main\Employ.Main.csproj", "{D62D26C3-8398-4BBF-BA87-EB201DCF97D8}"
EndProject
Global
	GlobalSection(SolutionConfigurationPlatforms) = preSolution
		Debug|Any CPU = Debug|Any CPU
		Release|Any CPU = Release|Any CPU
	EndGlobalSection
	GlobalSection(ProjectConfigurationPlatforms) = postSolution
		{164138DB-B1A6-4D30-BA28-48CC0BC732BF}.Debug|Any CPU.ActiveCfg = Debug|Any CPU
		{164138DB-B1A6-4D30-BA28-48CC0BC732BF}.Debug|Any CPU.Build.0 = Debug|Any CPU
		{164138DB-B1A6-4D30-BA28-48CC0BC732BF}.Release|Any CPU.ActiveCfg = Release|Any CPU
		{164138DB-B1A6-4D30-BA28-48CC0BC732BF}.Release|Any CPU.Build.0 = Release|Any CPU
		{C5F45471-2EA3-4F99-90BC-E24CBA306BD5}.Debug|Any CPU.ActiveCfg = Debug|Any CPU
		{C5F45471-2EA3-4F99-90BC-E24CBA306BD5}.Debug|Any CPU.Build.0 = Debug|Any CPU
		{C5F45471-2EA3-4F99-90BC-E24CBA306BD5}.Release|Any CPU.ActiveCfg = Release|Any CPU
		{C5F45471-2EA3-4F99-90BC-E24CBA306BD5}.Release|Any CPU.Build.0 = Release|Any CPU
		{0E8EC183-57CD-41CA-AD37-1660E41A9E71}.Debug|Any CPU.ActiveCfg = Debug|Any CPU
		{0E8EC183-57CD-41CA-AD37-1660E41A9E71}.Debug|Any CPU.Build.0 = Debug|Any CPU
		{0E8EC183-57CD-41CA-AD37-1660E41A9E71}.Release|Any CPU.ActiveCfg = Release|Any CPU
		{0E8EC183-57CD-41CA-AD37-1660E41A9E71}.Release|Any CPU.Build.0 = Release|Any CPU
		{2F678DF7-73D1-47D6-8358-7DF52F2848C9}.Debug|Any CPU.ActiveCfg = Debug|Any CPU
		{2F678DF7-73D1-47D6-8358-7DF52F2848C9}.Debug|Any CPU.Build.0 = Debug|Any CPU
		{2F678DF7-73D1-47D6-8358-7DF52F2848C9}.Release|Any CPU.ActiveCfg = Release|Any CPU
		{2F678DF7-73D1-47D6-8358-7DF52F2848C9}.Release|Any CPU.Build.0 = Release|Any CPU
		{D62D26C3-8398-4BBF-BA87-EB201DCF97D8}.Debug|Any CPU.ActiveCfg = Debug|Any CPU
		{D62D26C3-8398-4BBF-BA87-EB201DCF97D8}.Debug|Any CPU.Build.0 = Debug|Any CPU
		{D62D26C3-8398-4BBF-BA87-EB201DCF97D8}.Release|Any CPU.ActiveCfg = Release|Any CPU
		{D62D26C3-8398-4BBF-BA87-EB201DCF97D8}.Release|Any CPU.Build.0 = Release|Any CPU
	EndGlobalSection
	GlobalSection(SolutionProperties) = preSolution
		HideSolutionNode = FALSE
	EndGlobalSection
	GlobalSection(ExtensibilityGlobals) = postSolution
		SolutionGuid = {ABA6C640-2BD0-4022-B6B3-25064FA350C2}
	EndGlobalSection
EndGlobal
