
Microsoft Visual Studio Solution File, Format Version 12.00
# Visual Studio Version 17
VisualStudioVersion = 17.0.32112.339
MinimumVisualStudioVersion = 10.0.40219.1
Project("{FAE04EC0-301F-11D3-BF4B-00C04F79EFBC}") = "BoxingDemo", "BoxingDemo\BoxingDemo.csproj", "{FAC9300B-6FE9-4D0E-B4FF-E21472741D1D}"
EndProject
Global
	GlobalSection(SolutionConfigurationPlatforms) = preSolution
		Debug|Any CPU = Debug|Any CPU
		Release|Any CPU = Release|Any CPU
	EndGlobalSection
	GlobalSection(ProjectConfigurationPlatforms) = postSolution
		{FAC9300B-6FE9-4D0E-B4FF-E21472741D1D}.Debug|Any CPU.ActiveCfg = Debug|Any CPU
		{FAC9300B-6FE9-4D0E-B4FF-E21472741D1D}.Debug|Any CPU.Build.0 = Debug|Any CPU
		{FAC9300B-6FE9-4D0E-B4FF-E21472741D1D}.Release|Any CPU.ActiveCfg = Release|Any CPU
		{FAC9300B-6FE9-4D0E-B4FF-E21472741D1D}.Release|Any CPU.Build.0 = Release|Any CPU
	EndGlobalSection
	GlobalSection(SolutionProperties) = preSolution
		HideSolutionNode = FALSE
	EndGlobalSection
	GlobalSection(ExtensibilityGlobals) = postSolution
		SolutionGuid = {47C6F035-9C9E-4E75-AB7A-16778F18FC42}
	EndGlobalSection
EndGlobal
