
Microsoft Visual Studio Solution File, Format Version 12.00
# Visual Studio Version 17
VisualStudioVersion = 17.0.32112.339
MinimumVisualStudioVersion = 10.0.40219.1
Project("{FAE04EC0-301F-11D3-BF4B-00C04F79EFBC}") = "DemoFiles", "DemoFiles\DemoFiles.csproj", "{474D4BE7-47E8-4715-85BE-FC03F09312E6}"
EndProject
Global
	GlobalSection(SolutionConfigurationPlatforms) = preSolution
		Debug|Any CPU = Debug|Any CPU
		Release|Any CPU = Release|Any CPU
	EndGlobalSection
	GlobalSection(ProjectConfigurationPlatforms) = postSolution
		{474D4BE7-47E8-4715-85BE-FC03F09312E6}.Debug|Any CPU.ActiveCfg = Debug|Any CPU
		{474D4BE7-47E8-4715-85BE-FC03F09312E6}.Debug|Any CPU.Build.0 = Debug|Any CPU
		{474D4BE7-47E8-4715-85BE-FC03F09312E6}.Release|Any CPU.ActiveCfg = Release|Any CPU
		{474D4BE7-47E8-4715-85BE-FC03F09312E6}.Release|Any CPU.Build.0 = Release|Any CPU
	EndGlobalSection
	GlobalSection(SolutionProperties) = preSolution
		HideSolutionNode = FALSE
	EndGlobalSection
	GlobalSection(ExtensibilityGlobals) = postSolution
		SolutionGuid = {4E6E55B5-3667-4CB3-B8C9-8DC78A75F9E9}
	EndGlobalSection
EndGlobal
