
Microsoft Visual Studio Solution File, Format Version 12.00
# Visual Studio Version 17
VisualStudioVersion = 17.0.32112.339
MinimumVisualStudioVersion = 10.0.40219.1
Project("{FAE04EC0-301F-11D3-BF4B-00C04F79EFBC}") = "CustomDemo", "CustomDemo\CustomDemo.csproj", "{C6A7DE5F-A608-4577-B5A6-7CD76288C34D}"
EndProject
Global
	GlobalSection(SolutionConfigurationPlatforms) = preSolution
		Debug|Any CPU = Debug|Any CPU
		Release|Any CPU = Release|Any CPU
	EndGlobalSection
	GlobalSection(ProjectConfigurationPlatforms) = postSolution
		{C6A7DE5F-A608-4577-B5A6-7CD76288C34D}.Debug|Any CPU.ActiveCfg = Debug|Any CPU
		{C6A7DE5F-A608-4577-B5A6-7CD76288C34D}.Debug|Any CPU.Build.0 = Debug|Any CPU
		{C6A7DE5F-A608-4577-B5A6-7CD76288C34D}.Release|Any CPU.ActiveCfg = Release|Any CPU
		{C6A7DE5F-A608-4577-B5A6-7CD76288C34D}.Release|Any CPU.Build.0 = Release|Any CPU
	EndGlobalSection
	GlobalSection(SolutionProperties) = preSolution
		HideSolutionNode = FALSE
	EndGlobalSection
	GlobalSection(ExtensibilityGlobals) = postSolution
		SolutionGuid = {6E9AB225-EAA5-4682-9D57-2BF6D29D8FEB}
	EndGlobalSection
EndGlobal
