
Microsoft Visual Studio Solution File, Format Version 12.00
# Visual Studio Version 17
VisualStudioVersion = 17.0.32112.339
MinimumVisualStudioVersion = 10.0.40219.1
Project("{FAE04EC0-301F-11D3-BF4B-00C04F79EFBC}") = "BoxRun", "BoxRun\BoxRun.csproj", "{C570447D-616A-46C5-B162-DF68C7B9586E}"
EndProject
Global
	GlobalSection(SolutionConfigurationPlatforms) = preSolution
		Debug|Any CPU = Debug|Any CPU
		Release|Any CPU = Release|Any CPU
	EndGlobalSection
	GlobalSection(ProjectConfigurationPlatforms) = postSolution
		{C570447D-616A-46C5-B162-DF68C7B9586E}.Debug|Any CPU.ActiveCfg = Debug|Any CPU
		{C570447D-616A-46C5-B162-DF68C7B9586E}.Debug|Any CPU.Build.0 = Debug|Any CPU
		{C570447D-616A-46C5-B162-DF68C7B9586E}.Release|Any CPU.ActiveCfg = Release|Any CPU
		{C570447D-616A-46C5-B162-DF68C7B9586E}.Release|Any CPU.Build.0 = Release|Any CPU
	EndGlobalSection
	GlobalSection(SolutionProperties) = preSolution
		HideSolutionNode = FALSE
	EndGlobalSection
	GlobalSection(ExtensibilityGlobals) = postSolution
		SolutionGuid = {DA770E62-7B67-45CE-BF16-44E0D266B98F}
	EndGlobalSection
EndGlobal
