
Microsoft Visual Studio Solution File, Format Version 12.00
# Visual Studio Version 17
VisualStudioVersion = 17.1.32228.430
MinimumVisualStudioVersion = 10.0.40219.1
Project("{FAE04EC0-301F-11D3-BF4B-00C04F79EFBC}") = "StateManagementExample", "StateManagementExample\StateManagementExample.csproj", "{C3A9D0E7-7131-489C-A410-9A37065A7718}"
EndProject
Global
	GlobalSection(SolutionConfigurationPlatforms) = preSolution
		Debug|Any CPU = Debug|Any CPU
		Release|Any CPU = Release|Any CPU
	EndGlobalSection
	GlobalSection(ProjectConfigurationPlatforms) = postSolution
		{C3A9D0E7-7131-489C-A410-9A37065A7718}.Debug|Any CPU.ActiveCfg = Debug|Any CPU
		{C3A9D0E7-7131-489C-A410-9A37065A7718}.Debug|Any CPU.Build.0 = Debug|Any CPU
		{C3A9D0E7-7131-489C-A410-9A37065A7718}.Release|Any CPU.ActiveCfg = Release|Any CPU
		{C3A9D0E7-7131-489C-A410-9A37065A7718}.Release|Any CPU.Build.0 = Release|Any CPU
	EndGlobalSection
	GlobalSection(SolutionProperties) = preSolution
		HideSolutionNode = FALSE
	EndGlobalSection
	GlobalSection(ExtensibilityGlobals) = postSolution
		SolutionGuid = {F35142BC-3CCE-447C-8182-A952E9192C0A}
	EndGlobalSection
EndGlobal
