
Microsoft Visual Studio Solution File, Format Version 12.00
# Visual Studio Version 17
VisualStudioVersion = 17.0.32112.339
MinimumVisualStudioVersion = 10.0.40219.1
Project("{FAE04EC0-301F-11D3-BF4B-00C04F79EFBC}") = "UserAuthentication", "UserAuthentication\UserAuthentication.csproj", "{22EAFB4F-7FE3-47EE-AFCE-A5C3934829EA}"
EndProject
Global
	GlobalSection(SolutionConfigurationPlatforms) = preSolution
		Debug|Any CPU = Debug|Any CPU
		Release|Any CPU = Release|Any CPU
	EndGlobalSection
	GlobalSection(ProjectConfigurationPlatforms) = postSolution
		{22EAFB4F-7FE3-47EE-AFCE-A5C3934829EA}.Debug|Any CPU.ActiveCfg = Debug|Any CPU
		{22EAFB4F-7FE3-47EE-AFCE-A5C3934829EA}.Debug|Any CPU.Build.0 = Debug|Any CPU
		{22EAFB4F-7FE3-47EE-AFCE-A5C3934829EA}.Release|Any CPU.ActiveCfg = Release|Any CPU
		{22EAFB4F-7FE3-47EE-AFCE-A5C3934829EA}.Release|Any CPU.Build.0 = Release|Any CPU
	EndGlobalSection
	GlobalSection(SolutionProperties) = preSolution
		HideSolutionNode = FALSE
	EndGlobalSection
	GlobalSection(ExtensibilityGlobals) = postSolution
		SolutionGuid = {1D27180C-192A-416F-93B6-16BFAB8B0097}
	EndGlobalSection
EndGlobal
