
Microsoft Visual Studio Solution File, Format Version 12.00
# Visual Studio Version 17
VisualStudioVersion = 17.0.32112.339
MinimumVisualStudioVersion = 10.0.40219.1
Project("{FAE04EC0-301F-11D3-BF4B-00C04F79EFBC}") = "Prog1", "Prog1\Prog1.csproj", "{E6DB2A9B-4F0B-4533-A9A3-66FF9CC10676}"
EndProject
Global
	GlobalSection(SolutionConfigurationPlatforms) = preSolution
		Debug|Any CPU = Debug|Any CPU
		Release|Any CPU = Release|Any CPU
	EndGlobalSection
	GlobalSection(ProjectConfigurationPlatforms) = postSolution
		{E6DB2A9B-4F0B-4533-A9A3-66FF9CC10676}.Debug|Any CPU.ActiveCfg = Debug|Any CPU
		{E6DB2A9B-4F0B-4533-A9A3-66FF9CC10676}.Debug|Any CPU.Build.0 = Debug|Any CPU
		{E6DB2A9B-4F0B-4533-A9A3-66FF9CC10676}.Release|Any CPU.ActiveCfg = Release|Any CPU
		{E6DB2A9B-4F0B-4533-A9A3-66FF9CC10676}.Release|Any CPU.Build.0 = Release|Any CPU
	EndGlobalSection
	GlobalSection(SolutionProperties) = preSolution
		HideSolutionNode = FALSE
	EndGlobalSection
	GlobalSection(ExtensibilityGlobals) = postSolution
		SolutionGuid = {C7794A25-399B-4A63-A881-2F40859433FE}
	EndGlobalSection
EndGlobal
