
Microsoft Visual Studio Solution File, Format Version 12.00
# Visual Studio Version 17
VisualStudioVersion = 17.0.32112.339
MinimumVisualStudioVersion = 10.0.40219.1
Project("{FAE04EC0-301F-11D3-BF4B-00C04F79EFBC}") = "CtoFExample", "CtoFExample\CtoFExample.csproj", "{27E51BDC-9DEF-4D95-83A9-40D25B94527B}"
EndProject
Global
	GlobalSection(SolutionConfigurationPlatforms) = preSolution
		Debug|Any CPU = Debug|Any CPU
		Release|Any CPU = Release|Any CPU
	EndGlobalSection
	GlobalSection(ProjectConfigurationPlatforms) = postSolution
		{27E51BDC-9DEF-4D95-83A9-40D25B94527B}.Debug|Any CPU.ActiveCfg = Debug|Any CPU
		{27E51BDC-9DEF-4D95-83A9-40D25B94527B}.Debug|Any CPU.Build.0 = Debug|Any CPU
		{27E51BDC-9DEF-4D95-83A9-40D25B94527B}.Release|Any CPU.ActiveCfg = Release|Any CPU
		{27E51BDC-9DEF-4D95-83A9-40D25B94527B}.Release|Any CPU.Build.0 = Release|Any CPU
	EndGlobalSection
	GlobalSection(SolutionProperties) = preSolution
		HideSolutionNode = FALSE
	EndGlobalSection
	GlobalSection(ExtensibilityGlobals) = postSolution
		SolutionGuid = {E96E01FD-C4C1-43FC-8DE3-58DCB7CE4596}
	EndGlobalSection
EndGlobal
