
Microsoft Visual Studio Solution File, Format Version 12.00
# Visual Studio Version 17
VisualStudioVersion = 17.0.32112.339
MinimumVisualStudioVersion = 10.0.40219.1
Project("{FAE04EC0-301F-11D3-BF4B-00C04F79EFBC}") = "EvenOddEx", "EvenOddEx\EvenOddEx.csproj", "{94CD59B9-BF8E-48F1-9389-61E737B5CBC7}"
EndProject
Global
	GlobalSection(SolutionConfigurationPlatforms) = preSolution
		Debug|Any CPU = Debug|Any CPU
		Release|Any CPU = Release|Any CPU
	EndGlobalSection
	GlobalSection(ProjectConfigurationPlatforms) = postSolution
		{94CD59B9-BF8E-48F1-9389-61E737B5CBC7}.Debug|Any CPU.ActiveCfg = Debug|Any CPU
		{94CD59B9-BF8E-48F1-9389-61E737B5CBC7}.Debug|Any CPU.Build.0 = Debug|Any CPU
		{94CD59B9-BF8E-48F1-9389-61E737B5CBC7}.Release|Any CPU.ActiveCfg = Release|Any CPU
		{94CD59B9-BF8E-48F1-9389-61E737B5CBC7}.Release|Any CPU.Build.0 = Release|Any CPU
	EndGlobalSection
	GlobalSection(SolutionProperties) = preSolution
		HideSolutionNode = FALSE
	EndGlobalSection
	GlobalSection(ExtensibilityGlobals) = postSolution
		SolutionGuid = {C453B90B-4DEC-4B83-8583-A7894FBC8CF4}
	EndGlobalSection
EndGlobal
