
Microsoft Visual Studio Solution File, Format Version 12.00
# Visual Studio Version 17
VisualStudioVersion = 17.0.32112.339
MinimumVisualStudioVersion = 10.0.40219.1
Project("{FAE04EC0-301F-11D3-BF4B-00C04F79EFBC}") = "clsCalculation", "clsCalculation\clsCalculation.csproj", "{2693089E-6FE0-40FE-9819-31529F0C5467}"
EndProject
Project("{FAE04EC0-301F-11D3-BF4B-00C04F79EFBC}") = "CalculationExecution", "..\CalculationExecution\CalculationExecution.csproj", "{8E01D8E6-323B-4161-94D7-B7D652569FB9}"
EndProject
Global
	GlobalSection(SolutionConfigurationPlatforms) = preSolution
		Debug|Any CPU = Debug|Any CPU
		Release|Any CPU = Release|Any CPU
	EndGlobalSection
	GlobalSection(ProjectConfigurationPlatforms) = postSolution
		{2693089E-6FE0-40FE-9819-31529F0C5467}.Debug|Any CPU.ActiveCfg = Debug|Any CPU
		{2693089E-6FE0-40FE-9819-31529F0C5467}.Debug|Any CPU.Build.0 = Debug|Any CPU
		{2693089E-6FE0-40FE-9819-31529F0C5467}.Release|Any CPU.ActiveCfg = Release|Any CPU
		{2693089E-6FE0-40FE-9819-31529F0C5467}.Release|Any CPU.Build.0 = Release|Any CPU
		{8E01D8E6-323B-4161-94D7-B7D652569FB9}.Debug|Any CPU.ActiveCfg = Debug|Any CPU
		{8E01D8E6-323B-4161-94D7-B7D652569FB9}.Debug|Any CPU.Build.0 = Debug|Any CPU
		{8E01D8E6-323B-4161-94D7-B7D652569FB9}.Release|Any CPU.ActiveCfg = Release|Any CPU
		{8E01D8E6-323B-4161-94D7-B7D652569FB9}.Release|Any CPU.Build.0 = Release|Any CPU
	EndGlobalSection
	GlobalSection(SolutionProperties) = preSolution
		HideSolutionNode = FALSE
	EndGlobalSection
	GlobalSection(ExtensibilityGlobals) = postSolution
		SolutionGuid = {7CC207A9-DEE0-4A61-8D98-A3B2BB4A1801}
	EndGlobalSection
EndGlobal
