
Microsoft Visual Studio Solution File, Format Version 12.00
# Visual Studio Version 17
VisualStudioVersion = 17.0.32112.339
MinimumVisualStudioVersion = 10.0.40219.1
Project("{FAE04EC0-301F-11D3-BF4B-00C04F79EFBC}") = "Inhc", "Inhc\Inhc.csproj", "{CF577F9E-40D8-4FF7-81F6-9EBB6714E73B}"
EndProject
Global
	GlobalSection(SolutionConfigurationPlatforms) = preSolution
		Debug|Any CPU = Debug|Any CPU
		Release|Any CPU = Release|Any CPU
	EndGlobalSection
	GlobalSection(ProjectConfigurationPlatforms) = postSolution
		{CF577F9E-40D8-4FF7-81F6-9EBB6714E73B}.Debug|Any CPU.ActiveCfg = Debug|Any CPU
		{CF577F9E-40D8-4FF7-81F6-9EBB6714E73B}.Debug|Any CPU.Build.0 = Debug|Any CPU
		{CF577F9E-40D8-4FF7-81F6-9EBB6714E73B}.Release|Any CPU.ActiveCfg = Release|Any CPU
		{CF577F9E-40D8-4FF7-81F6-9EBB6714E73B}.Release|Any CPU.Build.0 = Release|Any CPU
	EndGlobalSection
	GlobalSection(SolutionProperties) = preSolution
		HideSolutionNode = FALSE
	EndGlobalSection
	GlobalSection(ExtensibilityGlobals) = postSolution
		SolutionGuid = {B93A7FAF-7BC9-439A-A5F0-E131D58CB337}
	EndGlobalSection
EndGlobal
