
Microsoft Visual Studio Solution File, Format Version 12.00
# Visual Studio Version 17
VisualStudioVersion = 17.0.32112.339
MinimumVisualStudioVersion = 10.0.40219.1
Project("{FAE04EC0-301F-11D3-BF4B-00C04F79EFBC}") = "StExample", "StExample\StExample.csproj", "{FA737628-D019-4623-8BD9-E7C6731BAFD3}"
EndProject
Global
	GlobalSection(SolutionConfigurationPlatforms) = preSolution
		Debug|Any CPU = Debug|Any CPU
		Release|Any CPU = Release|Any CPU
	EndGlobalSection
	GlobalSection(ProjectConfigurationPlatforms) = postSolution
		{FA737628-D019-4623-8BD9-E7C6731BAFD3}.Debug|Any CPU.ActiveCfg = Debug|Any CPU
		{FA737628-D019-4623-8BD9-E7C6731BAFD3}.Debug|Any CPU.Build.0 = Debug|Any CPU
		{FA737628-D019-4623-8BD9-E7C6731BAFD3}.Release|Any CPU.ActiveCfg = Release|Any CPU
		{FA737628-D019-4623-8BD9-E7C6731BAFD3}.Release|Any CPU.Build.0 = Release|Any CPU
	EndGlobalSection
	GlobalSection(SolutionProperties) = preSolution
		HideSolutionNode = FALSE
	EndGlobalSection
	GlobalSection(ExtensibilityGlobals) = postSolution
		SolutionGuid = {EC74D874-1206-4CC3-8999-5AD92B322FE7}
	EndGlobalSection
EndGlobal
