
Microsoft Visual Studio Solution File, Format Version 12.00
# Visual Studio Version 17
VisualStudioVersion = 17.0.32112.339
MinimumVisualStudioVersion = 10.0.40219.1
Project("{FAE04EC0-301F-11D3-BF4B-00C04F79EFBC}") = "UnitTesting", "UnitTesting\UnitTesting.csproj", "{C765B7D6-F2A5-4193-93AB-234994718C37}"
EndProject
Project("{FAE04EC0-301F-11D3-BF4B-00C04F79EFBC}") = "clsUnitTesting", "..\clsUnitTesting\clsUnitTesting.csproj", "{2274307A-5FD1-43B8-A401-F58C9BC5ACA0}"
EndProject
Global
	GlobalSection(SolutionConfigurationPlatforms) = preSolution
		Debug|Any CPU = Debug|Any CPU
		Release|Any CPU = Release|Any CPU
	EndGlobalSection
	GlobalSection(ProjectConfigurationPlatforms) = postSolution
		{C765B7D6-F2A5-4193-93AB-234994718C37}.Debug|Any CPU.ActiveCfg = Debug|Any CPU
		{C765B7D6-F2A5-4193-93AB-234994718C37}.Debug|Any CPU.Build.0 = Debug|Any CPU
		{C765B7D6-F2A5-4193-93AB-234994718C37}.Release|Any CPU.ActiveCfg = Release|Any CPU
		{C765B7D6-F2A5-4193-93AB-234994718C37}.Release|Any CPU.Build.0 = Release|Any CPU
		{2274307A-5FD1-43B8-A401-F58C9BC5ACA0}.Debug|Any CPU.ActiveCfg = Debug|Any CPU
		{2274307A-5FD1-43B8-A401-F58C9BC5ACA0}.Debug|Any CPU.Build.0 = Debug|Any CPU
		{2274307A-5FD1-43B8-A401-F58C9BC5ACA0}.Release|Any CPU.ActiveCfg = Release|Any CPU
		{2274307A-5FD1-43B8-A401-F58C9BC5ACA0}.Release|Any CPU.Build.0 = Release|Any CPU
	EndGlobalSection
	GlobalSection(SolutionProperties) = preSolution
		HideSolutionNode = FALSE
	EndGlobalSection
	GlobalSection(ExtensibilityGlobals) = postSolution
		SolutionGuid = {576B251C-C607-4E9B-B86B-0DDEA2B79AA4}
	EndGlobalSection
EndGlobal
